
Microsoft Visual Studio Solution File, Format Version 12.00
# Visual Studio Version 16
VisualStudioVersion = 16.0.30709.132
MinimumVisualStudioVersion = 10.0.40219.1
Project("{FAE04EC0-301F-11D3-BF4B-00C04F79EFBC}") = "DevCard_mvc", "DevCard_mvc\DevCard_mvc.csproj", "{EAE6E7D8-CDEE-425B-BDA3-9BEC4A51CE3A}"
EndProject
Global
	GlobalSection(SolutionConfigurationPlatforms) = preSolution
		Debug|Any CPU = Debug|Any CPU
		Release|Any CPU = Release|Any CPU
	EndGlobalSection
	GlobalSection(ProjectConfigurationPlatforms) = postSolution
		{EAE6E7D8-CDEE-425B-BDA3-9BEC4A51CE3A}.Debug|Any CPU.ActiveCfg = Debug|Any CPU
		{EAE6E7D8-CDEE-425B-BDA3-9BEC4A51CE3A}.Debug|Any CPU.Build.0 = Debug|Any CPU
		{EAE6E7D8-CDEE-425B-BDA3-9BEC4A51CE3A}.Release|Any CPU.ActiveCfg = Release|Any CPU
		{EAE6E7D8-CDEE-425B-BDA3-9BEC4A51CE3A}.Release|Any CPU.Build.0 = Release|Any CPU
	EndGlobalSection
	GlobalSection(SolutionProperties) = preSolution
		HideSolutionNode = FALSE
	EndGlobalSection
	GlobalSection(ExtensibilityGlobals) = postSolution
		SolutionGuid = {5F214035-510B-4312-B97A-DC1C870CB200}
	EndGlobalSection
EndGlobal
